
Microsoft Visual Studio Solution File, Format Version 12.00
# Visual Studio Version 17
VisualStudioVersion = 17.11.35222.181
MinimumVisualStudioVersion = 10.0.40219.1
Project("{FAE04EC0-301F-11D3-BF4B-00C04F79EFBC}") = "Array_Manipulation", "Array_Manipulation.csproj", "{FC978705-2FE5-474F-A658-7D2937D81749}"
EndProject
Global
	GlobalSection(SolutionConfigurationPlatforms) = preSolution
		Debug|Any CPU = Debug|Any CPU
		Release|Any CPU = Release|Any CPU
	EndGlobalSection
	GlobalSection(ProjectConfigurationPlatforms) = postSolution
		{FC978705-2FE5-474F-A658-7D2937D81749}.Debug|Any CPU.ActiveCfg = Debug|Any CPU
		{FC978705-2FE5-474F-A658-7D2937D81749}.Debug|Any CPU.Build.0 = Debug|Any CPU
		{FC978705-2FE5-474F-A658-7D2937D81749}.Release|Any CPU.ActiveCfg = Release|Any CPU
		{FC978705-2FE5-474F-A658-7D2937D81749}.Release|Any CPU.Build.0 = Release|Any CPU
	EndGlobalSection
	GlobalSection(SolutionProperties) = preSolution
		HideSolutionNode = FALSE
	EndGlobalSection
	GlobalSection(ExtensibilityGlobals) = postSolution
		SolutionGuid = {9D2D4926-243A-4664-A82D-D946471A00F9}
	EndGlobalSection
EndGlobal
